
Microsoft Visual Studio Solution File, Format Version 12.00
# Visual Studio 14
VisualStudioVersion = 14.0.23107.0
MinimumVisualStudioVersion = 10.0.40219.1
Project("{FAE04EC0-301F-11D3-BF4B-00C04F79EFBC}") = "WebApplicationMongoDB", "WebApplicationMongoDB\WebApplicationMongoDB.csproj", "{F2C1691E-0AD9-438E-9E83-32FE713E670C}"
EndProject
Project("{2150E333-8FDC-42A3-9474-1A3956D46DE8}") = "PublishScripts", "PublishScripts", "{2159E394-E0A1-4275-B412-E6801230E237}"
	ProjectSection(SolutionItems) = preProject
		PublishScripts\AzureVMPublishModule.psm1 = PublishScripts\AzureVMPublishModule.psm1
		PublishScripts\Publish-WebApplicationVM.ps1 = PublishScripts\Publish-WebApplicationVM.ps1
	EndProjectSection
EndProject
Project("{2150E333-8FDC-42A3-9474-1A3956D46DE8}") = "Configurations", "Configurations", "{C3925FAC-C503-4C7D-B0E9-FDBC638C35DC}"
	ProjectSection(SolutionItems) = preProject
		PublishScripts\Configurations\WebApplicationMongoDB-WAWS-dev.json = PublishScripts\Configurations\WebApplicationMongoDB-WAWS-dev.json
	EndProjectSection
EndProject
Global
	GlobalSection(SolutionConfigurationPlatforms) = preSolution
		Debug|Any CPU = Debug|Any CPU
		Release|Any CPU = Release|Any CPU
	EndGlobalSection
	GlobalSection(ProjectConfigurationPlatforms) = postSolution
		{F2C1691E-0AD9-438E-9E83-32FE713E670C}.Debug|Any CPU.ActiveCfg = Debug|Any CPU
		{F2C1691E-0AD9-438E-9E83-32FE713E670C}.Debug|Any CPU.Build.0 = Debug|Any CPU
		{F2C1691E-0AD9-438E-9E83-32FE713E670C}.Release|Any CPU.ActiveCfg = Release|Any CPU
		{F2C1691E-0AD9-438E-9E83-32FE713E670C}.Release|Any CPU.Build.0 = Release|Any CPU
	EndGlobalSection
	GlobalSection(SolutionProperties) = preSolution
		HideSolutionNode = FALSE
	EndGlobalSection
	GlobalSection(NestedProjects) = preSolution
		{C3925FAC-C503-4C7D-B0E9-FDBC638C35DC} = {2159E394-E0A1-4275-B412-E6801230E237}
	EndGlobalSection
EndGlobal
